
Microsoft Visual Studio Solution File, Format Version 12.00
# Visual Studio 15
Project("{FAE04EC0-301F-11D3-BF4B-00C04F79EFBC}") = "Demo.Android", "Demo.Android\Demo.Android.csproj", "{8DA33DF6-284B-4C05-ACB6-37B4097D45E3}"
EndProject
Project("{FAE04EC0-301F-11D3-BF4B-00C04F79EFBC}") = "Demo.iOS", "Demo.iOS\Demo.iOS.csproj", "{1A21921A-CDAF-4CBE-9EE5-A79CCD0F7DDB}"
EndProject
Project("{FAE04EC0-301F-11D3-BF4B-00C04F79EFBC}") = "Demo", "Demo\Demo.csproj", "{75B530C5-87B0-4575-9C24-471F634BB2B8}"
EndProject
Global
	GlobalSection(SolutionConfigurationPlatforms) = preSolution
		Debug|Any CPU = Debug|Any CPU
		Release|Any CPU = Release|Any CPU
		Debug|iPhoneSimulator = Debug|iPhoneSimulator
		Release|iPhoneSimulator = Release|iPhoneSimulator
		Debug|iPhone = Debug|iPhone
		Release|iPhone = Release|iPhone
		Ad-Hoc|iPhone = Ad-Hoc|iPhone
		AppStore|iPhone = AppStore|iPhone
	EndGlobalSection
	GlobalSection(ProjectConfigurationPlatforms) = postSolution
		{8DA33DF6-284B-4C05-ACB6-37B4097D45E3}.Debug|Any CPU.ActiveCfg = Debug|Any CPU
		{8DA33DF6-284B-4C05-ACB6-37B4097D45E3}.Debug|Any CPU.Build.0 = Debug|Any CPU
		{8DA33DF6-284B-4C05-ACB6-37B4097D45E3}.Release|Any CPU.ActiveCfg = Release|Any CPU
		{8DA33DF6-284B-4C05-ACB6-37B4097D45E3}.Release|Any CPU.Build.0 = Release|Any CPU
		{8DA33DF6-284B-4C05-ACB6-37B4097D45E3}.Debug|iPhoneSimulator.ActiveCfg = Debug|Any CPU
		{8DA33DF6-284B-4C05-ACB6-37B4097D45E3}.Debug|iPhoneSimulator.Build.0 = Debug|Any CPU
		{8DA33DF6-284B-4C05-ACB6-37B4097D45E3}.Release|iPhoneSimulator.ActiveCfg = Release|Any CPU
		{8DA33DF6-284B-4C05-ACB6-37B4097D45E3}.Release|iPhoneSimulator.Build.0 = Release|Any CPU
		{8DA33DF6-284B-4C05-ACB6-37B4097D45E3}.Debug|iPhone.ActiveCfg = Debug|Any CPU
		{8DA33DF6-284B-4C05-ACB6-37B4097D45E3}.Debug|iPhone.Build.0 = Debug|Any CPU
		{8DA33DF6-284B-4C05-ACB6-37B4097D45E3}.Release|iPhone.ActiveCfg = Release|Any CPU
		{8DA33DF6-284B-4C05-ACB6-37B4097D45E3}.Release|iPhone.Build.0 = Release|Any CPU
		{8DA33DF6-284B-4C05-ACB6-37B4097D45E3}.Ad-Hoc|iPhone.ActiveCfg = Debug|Any CPU
		{8DA33DF6-284B-4C05-ACB6-37B4097D45E3}.Ad-Hoc|iPhone.Build.0 = Debug|Any CPU
		{8DA33DF6-284B-4C05-ACB6-37B4097D45E3}.AppStore|iPhone.ActiveCfg = Debug|Any CPU
		{8DA33DF6-284B-4C05-ACB6-37B4097D45E3}.AppStore|iPhone.Build.0 = Debug|Any CPU
		{1A21921A-CDAF-4CBE-9EE5-A79CCD0F7DDB}.Debug|Any CPU.ActiveCfg = Debug|iPhoneSimulator
		{1A21921A-CDAF-4CBE-9EE5-A79CCD0F7DDB}.Debug|Any CPU.Build.0 = Debug|iPhoneSimulator
		{1A21921A-CDAF-4CBE-9EE5-A79CCD0F7DDB}.Release|Any CPU.ActiveCfg = Release|iPhoneSimulator
		{1A21921A-CDAF-4CBE-9EE5-A79CCD0F7DDB}.Release|Any CPU.Build.0 = Release|iPhoneSimulator
		{1A21921A-CDAF-4CBE-9EE5-A79CCD0F7DDB}.Debug|iPhoneSimulator.ActiveCfg = Debug|iPhoneSimulator
		{1A21921A-CDAF-4CBE-9EE5-A79CCD0F7DDB}.Debug|iPhoneSimulator.Build.0 = Debug|iPhoneSimulator
		{1A21921A-CDAF-4CBE-9EE5-A79CCD0F7DDB}.Release|iPhoneSimulator.ActiveCfg = Release|iPhoneSimulator
		{1A21921A-CDAF-4CBE-9EE5-A79CCD0F7DDB}.Release|iPhoneSimulator.Build.0 = Release|iPhoneSimulator
		{1A21921A-CDAF-4CBE-9EE5-A79CCD0F7DDB}.Debug|iPhone.ActiveCfg = Debug|iPhone
		{1A21921A-CDAF-4CBE-9EE5-A79CCD0F7DDB}.Debug|iPhone.Build.0 = Debug|iPhone
		{1A21921A-CDAF-4CBE-9EE5-A79CCD0F7DDB}.Release|iPhone.ActiveCfg = Release|iPhone
		{1A21921A-CDAF-4CBE-9EE5-A79CCD0F7DDB}.Release|iPhone.Build.0 = Release|iPhone
		{1A21921A-CDAF-4CBE-9EE5-A79CCD0F7DDB}.Ad-Hoc|iPhone.ActiveCfg = Ad-Hoc|iPhone
		{1A21921A-CDAF-4CBE-9EE5-A79CCD0F7DDB}.Ad-Hoc|iPhone.Build.0 = Ad-Hoc|iPhone
		{1A21921A-CDAF-4CBE-9EE5-A79CCD0F7DDB}.AppStore|iPhone.ActiveCfg = AppStore|iPhone
		{1A21921A-CDAF-4CBE-9EE5-A79CCD0F7DDB}.AppStore|iPhone.Build.0 = AppStore|iPhone
		{75B530C5-87B0-4575-9C24-471F634BB2B8}.Debug|Any CPU.ActiveCfg = Debug|Any CPU
		{75B530C5-87B0-4575-9C24-471F634BB2B8}.Debug|Any CPU.Build.0 = Debug|Any CPU
		{75B530C5-87B0-4575-9C24-471F634BB2B8}.Release|Any CPU.ActiveCfg = Release|Any CPU
		{75B530C5-87B0-4575-9C24-471F634BB2B8}.Release|Any CPU.Build.0 = Release|Any CPU
		{75B530C5-87B0-4575-9C24-471F634BB2B8}.Debug|iPhoneSimulator.ActiveCfg = Debug|Any CPU
		{75B530C5-87B0-4575-9C24-471F634BB2B8}.Debug|iPhoneSimulator.Build.0 = Debug|Any CPU
		{75B530C5-87B0-4575-9C24-471F634BB2B8}.Release|iPhoneSimulator.ActiveCfg = Release|Any CPU
		{75B530C5-87B0-4575-9C24-471F634BB2B8}.Release|iPhoneSimulator.Build.0 = Release|Any CPU
		{75B530C5-87B0-4575-9C24-471F634BB2B8}.Debug|iPhone.ActiveCfg = Debug|Any CPU
		{75B530C5-87B0-4575-9C24-471F634BB2B8}.Debug|iPhone.Build.0 = Debug|Any CPU
		{75B530C5-87B0-4575-9C24-471F634BB2B8}.Release|iPhone.ActiveCfg = Release|Any CPU
		{75B530C5-87B0-4575-9C24-471F634BB2B8}.Release|iPhone.Build.0 = Release|Any CPU
		{75B530C5-87B0-4575-9C24-471F634BB2B8}.Ad-Hoc|iPhone.ActiveCfg = Debug|Any CPU
		{75B530C5-87B0-4575-9C24-471F634BB2B8}.Ad-Hoc|iPhone.Build.0 = Debug|Any CPU
		{75B530C5-87B0-4575-9C24-471F634BB2B8}.AppStore|iPhone.ActiveCfg = Debug|Any CPU
		{75B530C5-87B0-4575-9C24-471F634BB2B8}.AppStore|iPhone.Build.0 = Debug|Any CPU
	EndGlobalSection
EndGlobal
